
Microsoft Visual Studio Solution File, Format Version 12.00
# Visual Studio 2012
Project("{FAE04EC0-301F-11D3-BF4B-00C04F79EFBC}") = "SBO", "SBO\SBO.csproj", "{4C143D6B-51C8-4D5E-8E0A-E9FA3512B53D}"
EndProject
Project("{FAE04EC0-301F-11D3-BF4B-00C04F79EFBC}") = "DAL", "DAL\DAL.csproj", "{D860C2DE-2E05-448C-90E7-EB88D9CEBE8C}"
EndProject
Project("{FAE04EC0-301F-11D3-BF4B-00C04F79EFBC}") = "BLL", "BLL\BLL.csproj", "{5F463266-F24C-4F62-99E1-F66026A823D5}"
EndProject
Global
	GlobalSection(SolutionConfigurationPlatforms) = preSolution
		Debug|Any CPU = Debug|Any CPU
		Release|Any CPU = Release|Any CPU
	EndGlobalSection
	GlobalSection(ProjectConfigurationPlatforms) = postSolution
		{4C143D6B-51C8-4D5E-8E0A-E9FA3512B53D}.Debug|Any CPU.ActiveCfg = Debug|Any CPU
		{4C143D6B-51C8-4D5E-8E0A-E9FA3512B53D}.Debug|Any CPU.Build.0 = Debug|Any CPU
		{4C143D6B-51C8-4D5E-8E0A-E9FA3512B53D}.Release|Any CPU.ActiveCfg = Release|Any CPU
		{4C143D6B-51C8-4D5E-8E0A-E9FA3512B53D}.Release|Any CPU.Build.0 = Release|Any CPU
		{D860C2DE-2E05-448C-90E7-EB88D9CEBE8C}.Debug|Any CPU.ActiveCfg = Debug|Any CPU
		{D860C2DE-2E05-448C-90E7-EB88D9CEBE8C}.Debug|Any CPU.Build.0 = Debug|Any CPU
		{D860C2DE-2E05-448C-90E7-EB88D9CEBE8C}.Release|Any CPU.ActiveCfg = Release|Any CPU
		{D860C2DE-2E05-448C-90E7-EB88D9CEBE8C}.Release|Any CPU.Build.0 = Release|Any CPU
		{5F463266-F24C-4F62-99E1-F66026A823D5}.Debug|Any CPU.ActiveCfg = Debug|Any CPU
		{5F463266-F24C-4F62-99E1-F66026A823D5}.Debug|Any CPU.Build.0 = Debug|Any CPU
		{5F463266-F24C-4F62-99E1-F66026A823D5}.Release|Any CPU.ActiveCfg = Release|Any CPU
		{5F463266-F24C-4F62-99E1-F66026A823D5}.Release|Any CPU.Build.0 = Release|Any CPU
	EndGlobalSection
	GlobalSection(SolutionProperties) = preSolution
		HideSolutionNode = FALSE
	EndGlobalSection
EndGlobal
